// !$*UTF8*$!
{
	archiveVersion = 1;
	classes = {
	};
	objectVersion = 50;
	objects = {

/* Begin PBXBuildFile section */
		16ACC4042289C3F200CE18F1 /* AppDelegate.swift in Sources */ = {isa = PBXBuildFile; fileRef = 16ACC4032289C3F200CE18F1 /* AppDelegate.swift */; };
		16ACC4062289C3F200CE18F1 /* ViewController.swift in Sources */ = {isa = PBXBuildFile; fileRef = 16ACC4052289C3F200CE18F1 /* ViewController.swift */; };
		16ACC4092289C3F200CE18F1 /* Main.storyboard in Resources */ = {isa = PBXBuildFile; fileRef = 16ACC4072289C3F200CE18F1 /* Main.storyboard */; };
		16ACC40B2289C3F200CE18F1 /* Assets.xcassets in Resources */ = {isa = PBXBuildFile; fileRef = 16ACC40A2289C3F200CE18F1 /* Assets.xcassets */; };
		16ACC40E2289C3F200CE18F1 /* LaunchScreen.storyboard in Resources */ = {isa = PBXBuildFile; fileRef = 16ACC40C2289C3F200CE18F1 /* LaunchScreen.storyboard */; };
		BDFE3CDBB56AE58CA7D8AE1F /* Pods_wrapper_ios.framework in Frameworks */ = {isa = PBXBuildFile; fileRef = 9A3B3FBE8C0436E66B6468D1 /* Pods_wrapper_ios.framework */; };
/* End PBXBuildFile section */

/* Begin PBXFileReference section */
		16ACC4002289C3F200CE18F1 /* wrapper-ios.app */ = {isa = PBXFileReference; explicitFileType = wrapper.application; includeInIndex = 0; path = "wrapper-ios.app"; sourceTree = BUILT_PRODUCTS_DIR; };
		16ACC4032289C3F200CE18F1 /* AppDelegate.swift */ = {isa = PBXFileReference; lastKnownFileType = sourcecode.swift; path = AppDelegate.swift; sourceTree = "<group>"; };
		16ACC4052289C3F200CE18F1 /* ViewController.swift */ = {isa = PBXFileReference; lastKnownFileType = sourcecode.swift; path = ViewController.swift; sourceTree = "<group>"; };
		16ACC4082289C3F200CE18F1 /* Base */ = {isa = PBXFileReference; lastKnownFileType = file.storyboard; name = Base; path = Base.lproj/Main.storyboard; sourceTree = "<group>"; };
		16ACC40A2289C3F200CE18F1 /* Assets.xcassets */ = {isa = PBXFileReference; lastKnownFileType = folder.assetcatalog; path = Assets.xcassets; sourceTree = "<group>"; };
		16ACC40D2289C3F200CE18F1 /* Base */ = {isa = PBXFileReference; lastKnownFileType = file.storyboard; name = Base; path = Base.lproj/LaunchScreen.storyboard; sourceTree = "<group>"; };
		16ACC40F2289C3F200CE18F1 /* Info.plist */ = {isa = PBXFileReference; lastKnownFileType = text.plist.xml; path = Info.plist; sourceTree = "<group>"; };
		4E96752D2B15C34AB87EE0D2 /* Pods-wrapper-ios.release.xcconfig */ = {isa = PBXFileReference; includeInIndex = 1; lastKnownFileType = text.xcconfig; name = "Pods-wrapper-ios.release.xcconfig"; path = "Target Support Files/Pods-wrapper-ios/Pods-wrapper-ios.release.xcconfig"; sourceTree = "<group>"; };
		9A3B3FBE8C0436E66B6468D1 /* Pods_wrapper_ios.framework */ = {isa = PBXFileReference; explicitFileType = wrapper.framework; includeInIndex = 0; path = Pods_wrapper_ios.framework; sourceTree = BUILT_PRODUCTS_DIR; };
		D125A23BD46A98129F7F0256 /* Pods-wrapper-ios.debug.xcconfig */ = {isa = PBXFileReference; includeInIndex = 1; lastKnownFileType = text.xcconfig; name = "Pods-wrapper-ios.debug.xcconfig"; path = "Target Support Files/Pods-wrapper-ios/Pods-wrapper-ios.debug.xcconfig"; sourceTree = "<group>"; };
/* End PBXFileReference section */

/* Begin PBXFrameworksBuildPhase section */
		16ACC3FD2289C3F100CE18F1 /* Frameworks */ = {
			isa = PBXFrameworksBuildPhase;
			buildActionMask = 2147483647;
			files = (
				BDFE3CDBB56AE58CA7D8AE1F /* Pods_wrapper_ios.framework in Frameworks */,
			);
			runOnlyForDeploymentPostprocessing = 0;
		};
/* End PBXFrameworksBuildPhase section */

/* Begin PBXGroup section */
		16ACC3F72289C3F100CE18F1 = {
			isa = PBXGroup;
			children = (
				16ACC4022289C3F200CE18F1 /* wrapper-ios */,
				16ACC4012289C3F200CE18F1 /* Products */,
				639270264423C6A75A019D35 /* Pods */,
				B29015E30F73CB2DC4CF74D5 /* Frameworks */,
			);
			sourceTree = "<group>";
		};
		16ACC4012289C3F200CE18F1 /* Products */ = {
			isa = PBXGroup;
			children = (
				16ACC4002289C3F200CE18F1 /* wrapper-ios.app */,
			);
			name = Products;
			sourceTree = "<group>";
		};
		16ACC4022289C3F200CE18F1 /* wrapper-ios */ = {
			isa = PBXGroup;
			children = (
				16ACC4032289C3F200CE18F1 /* AppDelegate.swift */,
				16ACC4052289C3F200CE18F1 /* ViewController.swift */,
				16ACC4072289C3F200CE18F1 /* Main.storyboard */,
				16ACC40A2289C3F200CE18F1 /* Assets.xcassets */,
				16ACC40C2289C3F200CE18F1 /* LaunchScreen.storyboard */,
				16ACC40F2289C3F200CE18F1 /* Info.plist */,
			);
			path = "wrapper-ios";
			sourceTree = "<group>";
		};
		639270264423C6A75A019D35 /* Pods */ = {
			isa = PBXGroup;
			children = (
				D125A23BD46A98129F7F0256 /* Pods-wrapper-ios.debug.xcconfig */,
				4E96752D2B15C34AB87EE0D2 /* Pods-wrapper-ios.release.xcconfig */,
			);
			name = Pods;
			path = Pods;
			sourceTree = "<group>";
		};
		B29015E30F73CB2DC4CF74D5 /* Frameworks */ = {
			isa = PBXGroup;
			children = (
				9A3B3FBE8C0436E66B6468D1 /* Pods_wrapper_ios.framework */,
			);
			name = Frameworks;
			sourceTree = "<group>";
		};
/* End PBXGroup section */

/* Begin PBXNativeTarget section */
		16ACC3FF2289C3F100CE18F1 /* wrapper-ios */ = {
			isa = PBXNativeTarget;
			buildConfigurationList = 16ACC4122289C3F200CE18F1 /* Build configuration list for PBXNativeTarget "wrapper-ios" */;
			buildPhases = (
				C4019BE4A296B63CB4505968 /* [CP] Check Pods Manifest.lock */,
				16ACC3FC2289C3F100CE18F1 /* Sources */,
				16ACC3FD2289C3F100CE18F1 /* Frameworks */,
				16ACC3FE2289C3F100CE18F1 /* Resources */,
				F34A4D80C136B95645D6BF21 /* [CP] Embed Pods Frameworks */,
			);
			buildRules = (
			);
			dependencies = (
			);
			name = "wrapper-ios";
			productName = "wrapper-ios";
			productReference = 16ACC4002289C3F200CE18F1 /* wrapper-ios.app */;
			productType = "com.apple.product-type.application";
		};
/* End PBXNativeTarget section */

/* Begin PBXProject section */
		16ACC3F82289C3F100CE18F1 /* Project object */ = {
			isa = PBXProject;
			attributes = {
				LastSwiftUpdateCheck = 1020;
				LastUpgradeCheck = 1020;
				ORGANIZATIONNAME = "Virgil Security";
				TargetAttributes = {
					16ACC3FF2289C3F100CE18F1 = {
						CreatedOnToolsVersion = 10.2.1;
					};
				};
			};
			buildConfigurationList = 16ACC3FB2289C3F100CE18F1 /* Build configuration list for PBXProject "wrapper-ios" */;
			compatibilityVersion = "Xcode 9.3";
			developmentRegion = en;
			hasScannedForEncodings = 0;
			knownRegions = (
				en,
				Base,
			);
			mainGroup = 16ACC3F72289C3F100CE18F1;
			productRefGroup = 16ACC4012289C3F200CE18F1 /* Products */;
			projectDirPath = "";
			projectRoot = "";
			targets = (
				16ACC3FF2289C3F100CE18F1 /* wrapper-ios */,
			);
		};
/* End PBXProject section */

/* Begin PBXResourcesBuildPhase section */
		16ACC3FE2289C3F100CE18F1 /* Resources */ = {
			isa = PBXResourcesBuildPhase;
			buildActionMask = 2147483647;
			files = (
				16ACC40E2289C3F200CE18F1 /* LaunchScreen.storyboard in Resources */,
				16ACC40B2289C3F200CE18F1 /* Assets.xcassets in Resources */,
				16ACC4092289C3F200CE18F1 /* Main.storyboard in Resources */,
			);
			runOnlyForDeploymentPostprocessing = 0;
		};
/* End PBXResourcesBuildPhase section */

/* Begin PBXShellScriptBuildPhase section */
		C4019BE4A296B63CB4505968 /* [CP] Check Pods Manifest.lock */ = {
			isa = PBXShellScriptBuildPhase;
			buildActionMask = 2147483647;
			files = (
			);
			inputFileListPaths = (
			);
			inputPaths = (
				"${PODS_PODFILE_DIR_PATH}/Podfile.lock",
				"${PODS_ROOT}/Manifest.lock",
			);
			name = "[CP] Check Pods Manifest.lock";
			outputFileListPaths = (
			);
			outputPaths = (
				"$(DERIVED_FILE_DIR)/Pods-wrapper-ios-checkManifestLockResult.txt",
			);
			runOnlyForDeploymentPostprocessing = 0;
			shellPath = /bin/sh;
			shellScript = "diff \"${PODS_PODFILE_DIR_PATH}/Podfile.lock\" \"${PODS_ROOT}/Manifest.lock\" > /dev/null\nif [ $? != 0 ] ; then\n    # print error to STDERR\n    echo \"error: The sandbox is not in sync with the Podfile.lock. Run 'pod install' or update your CocoaPods installation.\" >&2\n    exit 1\nfi\n# This output is used by Xcode 'outputs' to avoid re-running this script phase.\necho \"SUCCESS\" > \"${SCRIPT_OUTPUT_FILE_0}\"\n";
			showEnvVarsInLog = 0;
		};
		F34A4D80C136B95645D6BF21 /* [CP] Embed Pods Frameworks */ = {
			isa = PBXShellScriptBuildPhase;
			buildActionMask = 2147483647;
			files = (
			);
			inputFileListPaths = (
				"${PODS_ROOT}/Target Support Files/Pods-wrapper-ios/Pods-wrapper-ios-frameworks-${CONFIGURATION}-input-files.xcfilelist",
			);
			name = "[CP] Embed Pods Frameworks";
			outputFileListPaths = (
				"${PODS_ROOT}/Target Support Files/Pods-wrapper-ios/Pods-wrapper-ios-frameworks-${CONFIGURATION}-output-files.xcfilelist",
			);
			runOnlyForDeploymentPostprocessing = 0;
			shellPath = /bin/sh;
			shellScript = "\"${PODS_ROOT}/Target Support Files/Pods-wrapper-ios/Pods-wrapper-ios-frameworks.sh\"\n";
			showEnvVarsInLog = 0;
		};
/* End PBXShellScriptBuildPhase section */

/* Begin PBXSourcesBuildPhase section */
		16ACC3FC2289C3F100CE18F1 /* Sources */ = {
			isa = PBXSourcesBuildPhase;
			buildActionMask = 2147483647;
			files = (
				16ACC4062289C3F200CE18F1 /* ViewController.swift in Sources */,
				16ACC4042289C3F200CE18F1 /* AppDelegate.swift in Sources */,
			);
			runOnlyForDeploymentPostprocessing = 0;
		};
/* End PBXSourcesBuildPhase section */

/* Begin PBXVariantGroup section */
		16ACC4072289C3F200CE18F1 /* Main.storyboard */ = {
			isa = PBXVariantGroup;
			children = (
				16ACC4082289C3F200CE18F1 /* Base */,
			);
			name = Main.storyboard;
			sourceTree = "<group>";
		};
		16ACC40C2289C3F200CE18F1 /* LaunchScreen.storyboard */ = {
			isa = PBXVariantGroup;
			children = (
				16ACC40D2289C3F200CE18F1 /* Base */,
			);
			name = LaunchScreen.storyboard;
			sourceTree = "<group>";
		};
/* End PBXVariantGroup section */

/* Begin XCBuildConfiguration section */
		16ACC4102289C3F200CE18F1 /* Debug */ = {
			isa = XCBuildConfiguration;
			buildSettings = {
				ALWAYS_SEARCH_USER_PATHS = NO;
				CLANG_ANALYZER_NONNULL = YES;
				CLANG_ANALYZER_NUMBER_OBJECT_CONVERSION = YES_AGGRESSIVE;
				CLANG_CXX_LANGUAGE_STANDARD = "gnu++14";
				CLANG_CXX_LIBRARY = "libc++";
				CLANG_ENABLE_MODULES = YES;
				CLANG_ENABLE_OBJC_ARC = YES;
				CLANG_ENABLE_OBJC_WEAK = YES;
				CLANG_WARN_BLOCK_CAPTURE_AUTORELEASING = YES;
				CLANG_WARN_BOOL_CONVERSION = YES;
				CLANG_WARN_COMMA = YES;
				CLANG_WARN_CONSTANT_CONVERSION = YES;
				CLANG_WARN_DEPRECATED_OBJC_IMPLEMENTATIONS = YES;
				CLANG_WARN_DIRECT_OBJC_ISA_USAGE = YES_ERROR;
				CLANG_WARN_DOCUMENTATION_COMMENTS = YES;
				CLANG_WARN_EMPTY_BODY = YES;
				CLANG_WARN_ENUM_CONVERSION = YES;
				CLANG_WARN_INFINITE_RECURSION = YES;
				CLANG_WARN_INT_CONVERSION = YES;
				CLANG_WARN_NON_LITERAL_NULL_CONVERSION = YES;
				CLANG_WARN_OBJC_IMPLICIT_RETAIN_SELF = YES;
				CLANG_WARN_OBJC_LITERAL_CONVERSION = YES;
				CLANG_WARN_OBJC_ROOT_CLASS = YES_ERROR;
				CLANG_WARN_RANGE_LOOP_ANALYSIS = YES;
				CLANG_WARN_STRICT_PROTOTYPES = YES;
				CLANG_WARN_SUSPICIOUS_MOVE = YES;
				CLANG_WARN_UNGUARDED_AVAILABILITY = YES_AGGRESSIVE;
				CLANG_WARN_UNREACHABLE_CODE = YES;
				CLANG_WARN__DUPLICATE_METHOD_MATCH = YES;
				CODE_SIGN_IDENTITY = "iPhone Developer";
				COPY_PHASE_STRIP = NO;
				DEBUG_INFORMATION_FORMAT = dwarf;
				ENABLE_STRICT_OBJC_MSGSEND = YES;
				ENABLE_TESTABILITY = YES;
				GCC_C_LANGUAGE_STANDARD = gnu11;
				GCC_DYNAMIC_NO_PIC = NO;
				GCC_NO_COMMON_BLOCKS = YES;
				GCC_OPTIMIZATION_LEVEL = 0;
				GCC_PREPROCESSOR_DEFINITIONS = (
					"DEBUG=1",
					"$(inherited)",
				);
				GCC_WARN_64_TO_32_BIT_CONVERSION = YES;
				GCC_WARN_ABOUT_RETURN_TYPE = YES_ERROR;
				GCC_WARN_UNDECLARED_SELECTOR = YES;
				GCC_WARN_UNINITIALIZED_AUTOS = YES_AGGRESSIVE;
				GCC_WARN_UNUSED_FUNCTION = YES;
				GCC_WARN_UNUSED_VARIABLE = YES;
				IPHONEOS_DEPLOYMENT_TARGET = 12.2;
				MTL_ENABLE_DEBUG_INFO = INCLUDE_SOURCE;
				MTL_FAST_MATH = YES;
				ONLY_ACTIVE_ARCH = YES;
				SDKROOT = iphoneos;
				SWIFT_ACTIVE_COMPILATION_CONDITIONS = DEBUG;
				SWIFT_OPTIMIZATION_LEVEL = "-Onone";
			};
			name = Debug;
		};
		16ACC4112289C3F200CE18F1 /* Release */ = {
			isa = XCBuildConfiguration;
			buildSettings = {
				ALWAYS_SEARCH_USER_PATHS = NO;
				CLANG_ANALYZER_NONNULL = YES;
				CLANG_ANALYZER_NUMBER_OBJECT_CONVERSION = YES_AGGRESSIVE;
				CLANG_CXX_LANGUAGE_STANDARD = "gnu++14";
				CLANG_CXX_LIBRARY = "libc++";
				CLANG_ENABLE_MODULES = YES;
				CLANG_ENABLE_OBJC_ARC = YES;
				CLANG_ENABLE_OBJC_WEAK = YES;
				CLANG_WARN_BLOCK_CAPTURE_AUTORELEASING = YES;
				CLANG_WARN_BOOL_CONVERSION = YES;
				CLANG_WARN_COMMA = YES;
				CLANG_WARN_CONSTANT_CONVERSION = YES;
				CLANG_WARN_DEPRECATED_OBJC_IMPLEMENTATIONS = YES;
				CLANG_WARN_DIRECT_OBJC_ISA_USAGE = YES_ERROR;
				CLANG_WARN_DOCUMENTATION_COMMENTS = YES;
				CLANG_WARN_EMPTY_BODY = YES;
				CLANG_WARN_ENUM_CONVERSION = YES;
				CLANG_WARN_INFINITE_RECURSION = YES;
				CLANG_WARN_INT_CONVERSION = YES;
				CLANG_WARN_NON_LITERAL_NULL_CONVERSION = YES;
				CLANG_WARN_OBJC_IMPLICIT_RETAIN_SELF = YES;
				CLANG_WARN_OBJC_LITERAL_CONVERSION = YES;
				CLANG_WARN_OBJC_ROOT_CLASS = YES_ERROR;
				CLANG_WARN_RANGE_LOOP_ANALYSIS = YES;
				CLANG_WARN_STRICT_PROTOTYPES = YES;
				CLANG_WARN_SUSPICIOUS_MOVE = YES;
				CLANG_WARN_UNGUARDED_AVAILABILITY = YES_AGGRESSIVE;
				CLANG_WARN_UNREACHABLE_CODE = YES;
				CLANG_WARN__DUPLICATE_METHOD_MATCH = YES;
				CODE_SIGN_IDENTITY = "iPhone Developer";
				COPY_PHASE_STRIP = NO;
				DEBUG_INFORMATION_FORMAT = "dwarf-with-dsym";
				ENABLE_NS_ASSERTIONS = NO;
				ENABLE_STRICT_OBJC_MSGSEND = YES;
				GCC_C_LANGUAGE_STANDARD = gnu11;
				GCC_NO_COMMON_BLOCKS = YES;
				GCC_WARN_64_TO_32_BIT_CONVERSION = YES;
				GCC_WARN_ABOUT_RETURN_TYPE = YES_ERROR;
				GCC_WARN_UNDECLARED_SELECTOR = YES;
				GCC_WARN_UNINITIALIZED_AUTOS = YES_AGGRESSIVE;
				GCC_WARN_UNUSED_FUNCTION = YES;
				GCC_WARN_UNUSED_VARIABLE = YES;
				IPHONEOS_DEPLOYMENT_TARGET = 12.2;
				MTL_ENABLE_DEBUG_INFO = NO;
				MTL_FAST_MATH = YES;
				SDKROOT = iphoneos;
				SWIFT_COMPILATION_MODE = wholemodule;
				SWIFT_OPTIMIZATION_LEVEL = "-O";
				VALIDATE_PRODUCT = YES;
			};
			name = Release;
		};
		16ACC4132289C3F200CE18F1 /* Debug */ = {
			isa = XCBuildConfiguration;
			baseConfigurationReference = D125A23BD46A98129F7F0256 /* Pods-wrapper-ios.debug.xcconfig */;
			buildSettings = {
				ASSETCATALOG_COMPILER_APPICON_NAME = AppIcon;
				CODE_SIGN_STYLE = Automatic;
				DEVELOPMENT_TEAM = MS3LY2W55D;
				INFOPLIST_FILE = "wrapper-ios/Info.plist";
				LD_RUNPATH_SEARCH_PATHS = (
					"$(inherited)",
					"@executable_path/Frameworks",
				);
				PRODUCT_BUNDLE_IDENTIFIER = "com.virgilsecurity.wrapper-ios";
				PRODUCT_NAME = "$(TARGET_NAME)";
				SWIFT_VERSION = 5.0;
				TARGETED_DEVICE_FAMILY = "1,2";
			};
			name = Debug;
		};
		16ACC4142289C3F200CE18F1 /* Release */ = {
			isa = XCBuildConfiguration;
			baseConfigurationReference = 4E96752D2B15C34AB87EE0D2 /* Pods-wrapper-ios.release.xcconfig */;
			buildSettings = {
				ASSETCATALOG_COMPILER_APPICON_NAME = AppIcon;
				CODE_SIGN_STYLE = Automatic;
				DEVELOPMENT_TEAM = MS3LY2W55D;
				INFOPLIST_FILE = "wrapper-ios/Info.plist";
				LD_RUNPATH_SEARCH_PATHS = (
					"$(inherited)",
					"@executable_path/Frameworks",
				);
				PRODUCT_BUNDLE_IDENTIFIER = "com.virgilsecurity.wrapper-ios";
				PRODUCT_NAME = "$(TARGET_NAME)";
				SWIFT_VERSION = 5.0;
				TARGETED_DEVICE_FAMILY = "1,2";
			};
			name = Release;
		};
/* End XCBuildConfiguration section */

/* Begin XCConfigurationList section */
		16ACC3FB2289C3F100CE18F1 /* Build configuration list for PBXProject "wrapper-ios" */ = {
			isa = XCConfigurationList;
			buildConfigurations = (
				16ACC4102289C3F200CE18F1 /* Debug */,
				16ACC4112289C3F200CE18F1 /* Release */,
			);
			defaultConfigurationIsVisible = 0;
			defaultConfigurationName = Release;
		};
		16ACC4122289C3F200CE18F1 /* Build configuration list for PBXNativeTarget "wrapper-ios" */ = {
			isa = XCConfigurationList;
			buildConfigurations = (
				16ACC4132289C3F200CE18F1 /* Debug */,
				16ACC4142289C3F200CE18F1 /* Release */,
			);
			defaultConfigurationIsVisible = 0;
			defaultConfigurationName = Release;
		};
/* End XCConfigurationList section */
	};
	rootObject = 16ACC3F82289C3F100CE18F1 /* Project object */;
}
